// !$*UTF8*$!
{
	archiveVersion = 1;
	classes = {
	};
	objectVersion = 52;
	objects = {

/* Begin PBXBuildFile section */
		590D6823257D3A830084D9DB /* String+dates.swift in Sources */ = {isa = PBXBuildFile; fileRef = 590D6822257D3A830084D9DB /* String+dates.swift */; };
		590D6826257D3D7F0084D9DB /* String+preview.swift in Sources */ = {isa = PBXBuildFile; fileRef = 590D6825257D3D7F0084D9DB /* String+preview.swift */; };
		5935E7BB257C18EC00CAC5DC /* HistoryDetailView.swift in Sources */ = {isa = PBXBuildFile; fileRef = 5935E7BA257C18EC00CAC5DC /* HistoryDetailView.swift */; };
		5935E7C6257CFE8C00CAC5DC /* README.md in Resources */ = {isa = PBXBuildFile; fileRef = 5935E7C5257CFE8C00CAC5DC /* README.md */; };
		59667896257BFF890053F6A7 /* HistoryView.swift in Sources */ = {isa = PBXBuildFile; fileRef = 59667895257BFF890053F6A7 /* HistoryView.swift */; };
		5966789A257C08310053F6A7 /* Network.swift in Sources */ = {isa = PBXBuildFile; fileRef = 59667899257C08310053F6A7 /* Network.swift */; };
		5966789E257C084E0053F6A7 /* Queries.graphql in Resources */ = {isa = PBXBuildFile; fileRef = 5966789D257C084E0053F6A7 /* Queries.graphql */; };
		596678B0257C094F0053F6A7 /* schema.json in Resources */ = {isa = PBXBuildFile; fileRef = 596678AF257C094F0053F6A7 /* schema.json */; };
		596678B9257C0F2D0053F6A7 /* API.swift in Sources */ = {isa = PBXBuildFile; fileRef = 596678B8257C0F2D0053F6A7 /* API.swift */; };
		596678BE257C10280053F6A7 /* ApolloCore in Frameworks */ = {isa = PBXBuildFile; productRef = 596678BD257C10280053F6A7 /* ApolloCore */; };
		596678C0257C10280053F6A7 /* ApolloSQLite in Frameworks */ = {isa = PBXBuildFile; productRef = 596678BF257C10280053F6A7 /* ApolloSQLite */; };
		596678C2257C10280053F6A7 /* ApolloWebSocket in Frameworks */ = {isa = PBXBuildFile; productRef = 596678C1257C10280053F6A7 /* ApolloWebSocket */; };
		596678C4257C10280053F6A7 /* Apollo in Frameworks */ = {isa = PBXBuildFile; productRef = 596678C3257C10280053F6A7 /* Apollo */; };
		596678C6257C10280053F6A7 /* ApolloCodegenLib in Frameworks */ = {isa = PBXBuildFile; productRef = 596678C5257C10280053F6A7 /* ApolloCodegenLib */; };
		5984B96B257D340F0041F928 /* HistoryViewModel.swift in Sources */ = {isa = PBXBuildFile; fileRef = 5984B96A257D340F0041F928 /* HistoryViewModel.swift */; };
		59A1030F257BFBB400AAC946 /* SpaceXplorerApp.swift in Sources */ = {isa = PBXBuildFile; fileRef = 59A1030E257BFBB400AAC946 /* SpaceXplorerApp.swift */; };
		59A10311257BFBB400AAC946 /* MainTabView.swift in Sources */ = {isa = PBXBuildFile; fileRef = 59A10310257BFBB400AAC946 /* MainTabView.swift */; };
		59A10313257BFBB500AAC946 /* Assets.xcassets in Resources */ = {isa = PBXBuildFile; fileRef = 59A10312257BFBB500AAC946 /* Assets.xcassets */; };
		59A10316257BFBB500AAC946 /* Preview Assets.xcassets in Resources */ = {isa = PBXBuildFile; fileRef = 59A10315257BFBB500AAC946 /* Preview Assets.xcassets */; };
/* End PBXBuildFile section */

/* Begin PBXCopyFilesBuildPhase section */
		596678AE257C09040053F6A7 /* Embed Frameworks */ = {
			isa = PBXCopyFilesBuildPhase;
			buildActionMask = 2147483647;
			dstPath = "";
			dstSubfolderSpec = 10;
			files = (
			);
			name = "Embed Frameworks";
			runOnlyForDeploymentPostprocessing = 0;
		};
/* End PBXCopyFilesBuildPhase section */

/* Begin PBXFileReference section */
		590D6822257D3A830084D9DB /* String+dates.swift */ = {isa = PBXFileReference; lastKnownFileType = sourcecode.swift; path = "String+dates.swift"; sourceTree = "<group>"; };
		590D6825257D3D7F0084D9DB /* String+preview.swift */ = {isa = PBXFileReference; lastKnownFileType = sourcecode.swift; path = "String+preview.swift"; sourceTree = "<group>"; };
		5935E7BA257C18EC00CAC5DC /* HistoryDetailView.swift */ = {isa = PBXFileReference; lastKnownFileType = sourcecode.swift; path = HistoryDetailView.swift; sourceTree = "<group>"; };
		5935E7C5257CFE8C00CAC5DC /* README.md */ = {isa = PBXFileReference; fileEncoding = 4; lastKnownFileType = net.daringfireball.markdown; path = README.md; sourceTree = SOURCE_ROOT; };
		59667895257BFF890053F6A7 /* HistoryView.swift */ = {isa = PBXFileReference; lastKnownFileType = sourcecode.swift; path = HistoryView.swift; sourceTree = "<group>"; };
		59667899257C08310053F6A7 /* Network.swift */ = {isa = PBXFileReference; lastKnownFileType = sourcecode.swift; path = Network.swift; sourceTree = "<group>"; };
		5966789D257C084E0053F6A7 /* Queries.graphql */ = {isa = PBXFileReference; lastKnownFileType = text; path = Queries.graphql; sourceTree = "<group>"; };
		596678AF257C094F0053F6A7 /* schema.json */ = {isa = PBXFileReference; fileEncoding = 4; lastKnownFileType = text.json; path = schema.json; sourceTree = "<group>"; };
		596678B8257C0F2D0053F6A7 /* API.swift */ = {isa = PBXFileReference; fileEncoding = 4; lastKnownFileType = sourcecode.swift; path = API.swift; sourceTree = "<group>"; };
		5984B96A257D340F0041F928 /* HistoryViewModel.swift */ = {isa = PBXFileReference; lastKnownFileType = sourcecode.swift; path = HistoryViewModel.swift; sourceTree = "<group>"; };
		59A1030B257BFBB400AAC946 /* SpaceXplorer.app */ = {isa = PBXFileReference; explicitFileType = wrapper.application; includeInIndex = 0; path = SpaceXplorer.app; sourceTree = BUILT_PRODUCTS_DIR; };
		59A1030E257BFBB400AAC946 /* SpaceXplorerApp.swift */ = {isa = PBXFileReference; lastKnownFileType = sourcecode.swift; path = SpaceXplorerApp.swift; sourceTree = "<group>"; };
		59A10310257BFBB400AAC946 /* MainTabView.swift */ = {isa = PBXFileReference; lastKnownFileType = sourcecode.swift; path = MainTabView.swift; sourceTree = "<group>"; };
		59A10312257BFBB500AAC946 /* Assets.xcassets */ = {isa = PBXFileReference; lastKnownFileType = folder.assetcatalog; path = Assets.xcassets; sourceTree = "<group>"; };
		59A10315257BFBB500AAC946 /* Preview Assets.xcassets */ = {isa = PBXFileReference; lastKnownFileType = folder.assetcatalog; path = "Preview Assets.xcassets"; sourceTree = "<group>"; };
		59A10317257BFBB500AAC946 /* Info.plist */ = {isa = PBXFileReference; lastKnownFileType = text.plist.xml; path = Info.plist; sourceTree = "<group>"; };
/* End PBXFileReference section */

/* Begin PBXFrameworksBuildPhase section */
		59A10308257BFBB400AAC946 /* Frameworks */ = {
			isa = PBXFrameworksBuildPhase;
			buildActionMask = 2147483647;
			files = (
				596678C6257C10280053F6A7 /* ApolloCodegenLib in Frameworks */,
				596678BE257C10280053F6A7 /* ApolloCore in Frameworks */,
				596678C4257C10280053F6A7 /* Apollo in Frameworks */,
				596678C2257C10280053F6A7 /* ApolloWebSocket in Frameworks */,
				596678C0257C10280053F6A7 /* ApolloSQLite in Frameworks */,
			);
			runOnlyForDeploymentPostprocessing = 0;
		};
/* End PBXFrameworksBuildPhase section */

/* Begin PBXGroup section */
		590D6821257D3A6B0084D9DB /* Common */ = {
			isa = PBXGroup;
			children = (
				590D6824257D3D480084D9DB /* Extensions */,
			);
			path = Common;
			sourceTree = "<group>";
		};
		590D6824257D3D480084D9DB /* Extensions */ = {
			isa = PBXGroup;
			children = (
				590D6822257D3A830084D9DB /* String+dates.swift */,
				590D6825257D3D7F0084D9DB /* String+preview.swift */,
			);
			path = Extensions;
			sourceTree = "<group>";
		};
		592BC626257BFC980001C3D3 /* Supporting Files */ = {
			isa = PBXGroup;
			children = (
				59A10317257BFBB500AAC946 /* Info.plist */,
				59A10312257BFBB500AAC946 /* Assets.xcassets */,
			);
			path = "Supporting Files";
			sourceTree = "<group>";
		};
		592BC628257BFCFE0001C3D3 /* Sources */ = {
			isa = PBXGroup;
			children = (
				59667898257C08210053F6A7 /* Apollo */,
				596678BA257C0F680053F6A7 /* Views */,
				590D6821257D3A6B0084D9DB /* Common */,
			);
			path = Sources;
			sourceTree = "<group>";
		};
		5935E7BC257CF5A300CAC5DC /* History */ = {
			isa = PBXGroup;
			children = (
				5984B96A257D340F0041F928 /* HistoryViewModel.swift */,
				59667895257BFF890053F6A7 /* HistoryView.swift */,
				5935E7BA257C18EC00CAC5DC /* HistoryDetailView.swift */,
			);
			path = History;
			sourceTree = "<group>";
		};
		5935E7BE257CF7FB00CAC5DC /* App */ = {
			isa = PBXGroup;
			children = (
				596678AF257C094F0053F6A7 /* schema.json */,
				59A1030E257BFBB400AAC946 /* SpaceXplorerApp.swift */,
			);
			path = App;
			sourceTree = "<group>";
		};
		59667898257C08210053F6A7 /* Apollo */ = {
			isa = PBXGroup;
			children = (
				59667899257C08310053F6A7 /* Network.swift */,
				596678B8257C0F2D0053F6A7 /* API.swift */,
				5966789D257C084E0053F6A7 /* Queries.graphql */,
			);
			path = Apollo;
			sourceTree = "<group>";
		};
		596678B2257C0B360053F6A7 /* Frameworks */ = {
			isa = PBXGroup;
			children = (
			);
			name = Frameworks;
			sourceTree = "<group>";
		};
		596678BA257C0F680053F6A7 /* Views */ = {
			isa = PBXGroup;
			children = (
				59A10310257BFBB400AAC946 /* MainTabView.swift */,
				5935E7BC257CF5A300CAC5DC /* History */,
			);
			path = Views;
			sourceTree = "<group>";
		};
		59A10302257BFBB400AAC946 = {
			isa = PBXGroup;
			children = (
				5935E7C5257CFE8C00CAC5DC /* README.md */,
				59A1030D257BFBB400AAC946 /* SpaceXplorer */,
				59A1030C257BFBB400AAC946 /* Products */,
				596678B2257C0B360053F6A7 /* Frameworks */,
			);
			sourceTree = "<group>";
		};
		59A1030C257BFBB400AAC946 /* Products */ = {
			isa = PBXGroup;
			children = (
				59A1030B257BFBB400AAC946 /* SpaceXplorer.app */,
			);
			name = Products;
			sourceTree = "<group>";
		};
		59A1030D257BFBB400AAC946 /* SpaceXplorer */ = {
			isa = PBXGroup;
			children = (
				5935E7BE257CF7FB00CAC5DC /* App */,
				592BC628257BFCFE0001C3D3 /* Sources */,
				592BC626257BFC980001C3D3 /* Supporting Files */,
				59A10314257BFBB500AAC946 /* Preview Content */,
			);
			path = SpaceXplorer;
			sourceTree = "<group>";
		};
		59A10314257BFBB500AAC946 /* Preview Content */ = {
			isa = PBXGroup;
			children = (
				59A10315257BFBB500AAC946 /* Preview Assets.xcassets */,
			);
			path = "Preview Content";
			sourceTree = "<group>";
		};
/* End PBXGroup section */

/* Begin PBXNativeTarget section */
		59A1030A257BFBB400AAC946 /* SpaceXplorer */ = {
			isa = PBXNativeTarget;
			buildConfigurationList = 59A1031A257BFBB500AAC946 /* Build configuration list for PBXNativeTarget "SpaceXplorer" */;
			buildPhases = (
				596678B1257C0A060053F6A7 /* Generate Apollo GraphQL API */,
				59A10307257BFBB400AAC946 /* Sources */,
				59A10308257BFBB400AAC946 /* Frameworks */,
				59A10309257BFBB400AAC946 /* Resources */,
				596678AE257C09040053F6A7 /* Embed Frameworks */,
			);
			buildRules = (
			);
			dependencies = (
			);
			name = SpaceXplorer;
			packageProductDependencies = (
				596678BD257C10280053F6A7 /* ApolloCore */,
				596678BF257C10280053F6A7 /* ApolloSQLite */,
				596678C1257C10280053F6A7 /* ApolloWebSocket */,
				596678C3257C10280053F6A7 /* Apollo */,
				596678C5257C10280053F6A7 /* ApolloCodegenLib */,
			);
			productName = SpaceXplorer;
			productReference = 59A1030B257BFBB400AAC946 /* SpaceXplorer.app */;
			productType = "com.apple.product-type.application";
		};
/* End PBXNativeTarget section */

/* Begin PBXProject section */
		59A10303257BFBB400AAC946 /* Project object */ = {
			isa = PBXProject;
			attributes = {
				LastSwiftUpdateCheck = 1220;
				LastUpgradeCheck = 1220;
				TargetAttributes = {
					59A1030A257BFBB400AAC946 = {
						CreatedOnToolsVersion = 12.2;
					};
				};
			};
			buildConfigurationList = 59A10306257BFBB400AAC946 /* Build configuration list for PBXProject "SpaceXplorer" */;
			compatibilityVersion = "Xcode 9.3";
			developmentRegion = en;
			hasScannedForEncodings = 0;
			knownRegions = (
				en,
				Base,
			);
			mainGroup = 59A10302257BFBB400AAC946;
			packageReferences = (
				596678BC257C10280053F6A7 /* XCRemoteSwiftPackageReference "apollo-ios" */,
			);
			productRefGroup = 59A1030C257BFBB400AAC946 /* Products */;
			projectDirPath = "";
			projectRoot = "";
			targets = (
				59A1030A257BFBB400AAC946 /* SpaceXplorer */,
			);
		};
/* End PBXProject section */

/* Begin PBXResourcesBuildPhase section */
		59A10309257BFBB400AAC946 /* Resources */ = {
			isa = PBXResourcesBuildPhase;
			buildActionMask = 2147483647;
			files = (
				596678B0257C094F0053F6A7 /* schema.json in Resources */,
				5966789E257C084E0053F6A7 /* Queries.graphql in Resources */,
				5935E7C6257CFE8C00CAC5DC /* README.md in Resources */,
				59A10316257BFBB500AAC946 /* Preview Assets.xcassets in Resources */,
				59A10313257BFBB500AAC946 /* Assets.xcassets in Resources */,
			);
			runOnlyForDeploymentPostprocessing = 0;
		};
/* End PBXResourcesBuildPhase section */

/* Begin PBXShellScriptBuildPhase section */
		596678B1257C0A060053F6A7 /* Generate Apollo GraphQL API */ = {
			isa = PBXShellScriptBuildPhase;
			buildActionMask = 2147483647;
			files = (
			);
			inputFileListPaths = (
			);
			inputPaths = (
			);
			name = "Generate Apollo GraphQL API";
			outputFileListPaths = (
			);
			outputPaths = (
			);
			runOnlyForDeploymentPostprocessing = 0;
			shellPath = /bin/sh;
			shellScript = "# Go to the build root and search up the chain to find the Derived Data Path where the source packages are checked out.\nDERIVED_DATA_CANDIDATE=\"${BUILD_ROOT}\"\n\nwhile ! [ -d \"${DERIVED_DATA_CANDIDATE}/SourcePackages\" ]; do\n  if [ \"${DERIVED_DATA_CANDIDATE}\" = / ]; then\n    echo >&2 \"error: Unable to locate SourcePackages directory from BUILD_ROOT: '${BUILD_ROOT}'\"\n    exit 1\n  fi\n\n  DERIVED_DATA_CANDIDATE=\"$(dirname \"${DERIVED_DATA_CANDIDATE}\")\"\ndone\n\n# Grab a reference to the directory where scripts are checked out\nSCRIPT_PATH=\"${DERIVED_DATA_CANDIDATE}/SourcePackages/checkouts/apollo-ios/scripts\"\n\nif [ -z \"${SCRIPT_PATH}\" ]; then\n    echo >&2 \"error: Couldn't find the CLI script in your checked out SPM packages; make sure to add the framework to your project.\"\n    exit 1\nfi\n\ncd \"${SRCROOT}/${TARGET_NAME}\"\n\"${SCRIPT_PATH}\"/run-bundled-codegen.sh codegen:generate --target=swift --includes=./**/*.graphql --localSchemaFile=\"App/schema.json\" Sources/Apollo/API.swift\n";
		};
/* End PBXShellScriptBuildPhase section */

/* Begin PBXSourcesBuildPhase section */
		59A10307257BFBB400AAC946 /* Sources */ = {
			isa = PBXSourcesBuildPhase;
			buildActionMask = 2147483647;
			files = (
				59A10311257BFBB400AAC946 /* MainTabView.swift in Sources */,
				59667896257BFF890053F6A7 /* HistoryView.swift in Sources */,
				5966789A257C08310053F6A7 /* Network.swift in Sources */,
				590D6826257D3D7F0084D9DB /* String+preview.swift in Sources */,
				59A1030F257BFBB400AAC946 /* SpaceXplorerApp.swift in Sources */,
				5935E7BB257C18EC00CAC5DC /* HistoryDetailView.swift in Sources */,
				5984B96B257D340F0041F928 /* HistoryViewModel.swift in Sources */,
				590D6823257D3A830084D9DB /* String+dates.swift in Sources */,
				596678B9257C0F2D0053F6A7 /* API.swift in Sources */,
			);
			runOnlyForDeploymentPostprocessing = 0;
		};
/* End PBXSourcesBuildPhase section */

/* Begin XCBuildConfiguration section */
		59A10318257BFBB500AAC946 /* Debug */ = {
			isa = XCBuildConfiguration;
			buildSettings = {
				ALWAYS_SEARCH_USER_PATHS = NO;
				CLANG_ANALYZER_NONNULL = YES;
				CLANG_ANALYZER_NUMBER_OBJECT_CONVERSION = YES_AGGRESSIVE;
				CLANG_CXX_LANGUAGE_STANDARD = "gnu++14";
				CLANG_CXX_LIBRARY = "libc++";
				CLANG_ENABLE_MODULES = YES;
				CLANG_ENABLE_OBJC_ARC = YES;
				CLANG_ENABLE_OBJC_WEAK = YES;
				CLANG_WARN_BLOCK_CAPTURE_AUTORELEASING = YES;
				CLANG_WARN_BOOL_CONVERSION = YES;
				CLANG_WARN_COMMA = YES;
				CLANG_WARN_CONSTANT_CONVERSION = YES;
				CLANG_WARN_DEPRECATED_OBJC_IMPLEMENTATIONS = YES;
				CLANG_WARN_DIRECT_OBJC_ISA_USAGE = YES_ERROR;
				CLANG_WARN_DOCUMENTATION_COMMENTS = YES;
				CLANG_WARN_EMPTY_BODY = YES;
				CLANG_WARN_ENUM_CONVERSION = YES;
				CLANG_WARN_INFINITE_RECURSION = YES;
				CLANG_WARN_INT_CONVERSION = YES;
				CLANG_WARN_NON_LITERAL_NULL_CONVERSION = YES;
				CLANG_WARN_OBJC_IMPLICIT_RETAIN_SELF = YES;
				CLANG_WARN_OBJC_LITERAL_CONVERSION = YES;
				CLANG_WARN_OBJC_ROOT_CLASS = YES_ERROR;
				CLANG_WARN_QUOTED_INCLUDE_IN_FRAMEWORK_HEADER = YES;
				CLANG_WARN_RANGE_LOOP_ANALYSIS = YES;
				CLANG_WARN_STRICT_PROTOTYPES = YES;
				CLANG_WARN_SUSPICIOUS_MOVE = YES;
				CLANG_WARN_UNGUARDED_AVAILABILITY = YES_AGGRESSIVE;
				CLANG_WARN_UNREACHABLE_CODE = YES;
				CLANG_WARN__DUPLICATE_METHOD_MATCH = YES;
				COPY_PHASE_STRIP = NO;
				DEBUG_INFORMATION_FORMAT = dwarf;
				ENABLE_STRICT_OBJC_MSGSEND = YES;
				ENABLE_TESTABILITY = YES;
				GCC_C_LANGUAGE_STANDARD = gnu11;
				GCC_DYNAMIC_NO_PIC = NO;
				GCC_NO_COMMON_BLOCKS = YES;
				GCC_OPTIMIZATION_LEVEL = 0;
				GCC_PREPROCESSOR_DEFINITIONS = (
					"DEBUG=1",
					"$(inherited)",
				);
				GCC_WARN_64_TO_32_BIT_CONVERSION = YES;
				GCC_WARN_ABOUT_RETURN_TYPE = YES_ERROR;
				GCC_WARN_UNDECLARED_SELECTOR = YES;
				GCC_WARN_UNINITIALIZED_AUTOS = YES_AGGRESSIVE;
				GCC_WARN_UNUSED_FUNCTION = YES;
				GCC_WARN_UNUSED_VARIABLE = YES;
				IPHONEOS_DEPLOYMENT_TARGET = 14.2;
				MTL_ENABLE_DEBUG_INFO = INCLUDE_SOURCE;
				MTL_FAST_MATH = YES;
				ONLY_ACTIVE_ARCH = YES;
				SDKROOT = iphoneos;
				SWIFT_ACTIVE_COMPILATION_CONDITIONS = DEBUG;
				SWIFT_OPTIMIZATION_LEVEL = "-Onone";
			};
			name = Debug;
		};
		59A10319257BFBB500AAC946 /* Release */ = {
			isa = XCBuildConfiguration;
			buildSettings = {
				ALWAYS_SEARCH_USER_PATHS = NO;
				CLANG_ANALYZER_NONNULL = YES;
				CLANG_ANALYZER_NUMBER_OBJECT_CONVERSION = YES_AGGRESSIVE;
				CLANG_CXX_LANGUAGE_STANDARD = "gnu++14";
				CLANG_CXX_LIBRARY = "libc++";
				CLANG_ENABLE_MODULES = YES;
				CLANG_ENABLE_OBJC_ARC = YES;
				CLANG_ENABLE_OBJC_WEAK = YES;
				CLANG_WARN_BLOCK_CAPTURE_AUTORELEASING = YES;
				CLANG_WARN_BOOL_CONVERSION = YES;
				CLANG_WARN_COMMA = YES;
				CLANG_WARN_CONSTANT_CONVERSION = YES;
				CLANG_WARN_DEPRECATED_OBJC_IMPLEMENTATIONS = YES;
				CLANG_WARN_DIRECT_OBJC_ISA_USAGE = YES_ERROR;
				CLANG_WARN_DOCUMENTATION_COMMENTS = YES;
				CLANG_WARN_EMPTY_BODY = YES;
				CLANG_WARN_ENUM_CONVERSION = YES;
				CLANG_WARN_INFINITE_RECURSION = YES;
				CLANG_WARN_INT_CONVERSION = YES;
				CLANG_WARN_NON_LITERAL_NULL_CONVERSION = YES;
				CLANG_WARN_OBJC_IMPLICIT_RETAIN_SELF = YES;
				CLANG_WARN_OBJC_LITERAL_CONVERSION = YES;
				CLANG_WARN_OBJC_ROOT_CLASS = YES_ERROR;
				CLANG_WARN_QUOTED_INCLUDE_IN_FRAMEWORK_HEADER = YES;
				CLANG_WARN_RANGE_LOOP_ANALYSIS = YES;
				CLANG_WARN_STRICT_PROTOTYPES = YES;
				CLANG_WARN_SUSPICIOUS_MOVE = YES;
				CLANG_WARN_UNGUARDED_AVAILABILITY = YES_AGGRESSIVE;
				CLANG_WARN_UNREACHABLE_CODE = YES;
				CLANG_WARN__DUPLICATE_METHOD_MATCH = YES;
				COPY_PHASE_STRIP = NO;
				DEBUG_INFORMATION_FORMAT = "dwarf-with-dsym";
				ENABLE_NS_ASSERTIONS = NO;
				ENABLE_STRICT_OBJC_MSGSEND = YES;
				GCC_C_LANGUAGE_STANDARD = gnu11;
				GCC_NO_COMMON_BLOCKS = YES;
				GCC_WARN_64_TO_32_BIT_CONVERSION = YES;
				GCC_WARN_ABOUT_RETURN_TYPE = YES_ERROR;
				GCC_WARN_UNDECLARED_SELECTOR = YES;
				GCC_WARN_UNINITIALIZED_AUTOS = YES_AGGRESSIVE;
				GCC_WARN_UNUSED_FUNCTION = YES;
				GCC_WARN_UNUSED_VARIABLE = YES;
				IPHONEOS_DEPLOYMENT_TARGET = 14.2;
				MTL_ENABLE_DEBUG_INFO = NO;
				MTL_FAST_MATH = YES;
				SDKROOT = iphoneos;
				SWIFT_COMPILATION_MODE = wholemodule;
				SWIFT_OPTIMIZATION_LEVEL = "-O";
				VALIDATE_PRODUCT = YES;
			};
			name = Release;
		};
		59A1031B257BFBB500AAC946 /* Debug */ = {
			isa = XCBuildConfiguration;
			buildSettings = {
				ASSETCATALOG_COMPILER_APPICON_NAME = AppIcon;
				ASSETCATALOG_COMPILER_GLOBAL_ACCENT_COLOR_NAME = AccentColor;
				CODE_SIGN_STYLE = Automatic;
				DEVELOPMENT_ASSET_PATHS = "\"SpaceXplorer/Preview Content\"";
				DEVELOPMENT_TEAM = 89EXPD2XDP;
				ENABLE_PREVIEWS = YES;
				INFOPLIST_FILE = "SpaceXplorer/Supporting Files/Info.plist";
				IPHONEOS_DEPLOYMENT_TARGET = 14.0;
				LD_RUNPATH_SEARCH_PATHS = (
					"$(inherited)",
					"@executable_path/Frameworks",
				);
				PRODUCT_BUNDLE_IDENTIFIER = com.kaww.SpaceXplorer;
				PRODUCT_NAME = "$(TARGET_NAME)";
				SWIFT_VERSION = 5.0;
				TARGETED_DEVICE_FAMILY = 1;
			};
			name = Debug;
		};
		59A1031C257BFBB500AAC946 /* Release */ = {
			isa = XCBuildConfiguration;
			buildSettings = {
				ASSETCATALOG_COMPILER_APPICON_NAME = AppIcon;
				ASSETCATALOG_COMPILER_GLOBAL_ACCENT_COLOR_NAME = AccentColor;
				CODE_SIGN_STYLE = Automatic;
				DEVELOPMENT_ASSET_PATHS = "\"SpaceXplorer/Preview Content\"";
				DEVELOPMENT_TEAM = 89EXPD2XDP;
				ENABLE_PREVIEWS = YES;
				INFOPLIST_FILE = "SpaceXplorer/Supporting Files/Info.plist";
				IPHONEOS_DEPLOYMENT_TARGET = 14.0;
				LD_RUNPATH_SEARCH_PATHS = (
					"$(inherited)",
					"@executable_path/Frameworks",
				);
				PRODUCT_BUNDLE_IDENTIFIER = com.kaww.SpaceXplorer;
				PRODUCT_NAME = "$(TARGET_NAME)";
				SWIFT_VERSION = 5.0;
				TARGETED_DEVICE_FAMILY = 1;
			};
			name = Release;
		};
/* End XCBuildConfiguration section */

/* Begin XCConfigurationList section */
		59A10306257BFBB400AAC946 /* Build configuration list for PBXProject "SpaceXplorer" */ = {
			isa = XCConfigurationList;
			buildConfigurations = (
				59A10318257BFBB500AAC946 /* Debug */,
				59A10319257BFBB500AAC946 /* Release */,
			);
			defaultConfigurationIsVisible = 0;
			defaultConfigurationName = Release;
		};
		59A1031A257BFBB500AAC946 /* Build configuration list for PBXNativeTarget "SpaceXplorer" */ = {
			isa = XCConfigurationList;
			buildConfigurations = (
				59A1031B257BFBB500AAC946 /* Debug */,
				59A1031C257BFBB500AAC946 /* Release */,
			);
			defaultConfigurationIsVisible = 0;
			defaultConfigurationName = Release;
		};
/* End XCConfigurationList section */

/* Begin XCRemoteSwiftPackageReference section */
		596678BC257C10280053F6A7 /* XCRemoteSwiftPackageReference "apollo-ios" */ = {
			isa = XCRemoteSwiftPackageReference;
			repositoryURL = "https://github.com/apollographql/apollo-ios.git";
			requirement = {
				kind = upToNextMajorVersion;
				minimumVersion = 0.38.2;
			};
		};
/* End XCRemoteSwiftPackageReference section */

/* Begin XCSwiftPackageProductDependency section */
		596678BD257C10280053F6A7 /* ApolloCore */ = {
			isa = XCSwiftPackageProductDependency;
			package = 596678BC257C10280053F6A7 /* XCRemoteSwiftPackageReference "apollo-ios" */;
			productName = ApolloCore;
		};
		596678BF257C10280053F6A7 /* ApolloSQLite */ = {
			isa = XCSwiftPackageProductDependency;
			package = 596678BC257C10280053F6A7 /* XCRemoteSwiftPackageReference "apollo-ios" */;
			productName = ApolloSQLite;
		};
		596678C1257C10280053F6A7 /* ApolloWebSocket */ = {
			isa = XCSwiftPackageProductDependency;
			package = 596678BC257C10280053F6A7 /* XCRemoteSwiftPackageReference "apollo-ios" */;
			productName = ApolloWebSocket;
		};
		596678C3257C10280053F6A7 /* Apollo */ = {
			isa = XCSwiftPackageProductDependency;
			package = 596678BC257C10280053F6A7 /* XCRemoteSwiftPackageReference "apollo-ios" */;
			productName = Apollo;
		};
		596678C5257C10280053F6A7 /* ApolloCodegenLib */ = {
			isa = XCSwiftPackageProductDependency;
			package = 596678BC257C10280053F6A7 /* XCRemoteSwiftPackageReference "apollo-ios" */;
			productName = ApolloCodegenLib;
		};
/* End XCSwiftPackageProductDependency section */
	};
	rootObject = 59A10303257BFBB400AAC946 /* Project object */;
}
